github.com/BurntSushi/toml v0.3.1/go.mod h1:xHWCNGjB5oqiDr8zfno3MHue2Ht5sIBksp03qcyfWMU=
github.com/BurntSushi/toml v1.2.1 h1:9F2/+DoOYIOksmaJFPw1tGFy1eDnIJXg+UHjuD8lTak=
github.com/BurntSushi/toml v1.2.1/go.mod h1:CxXYINrC8qIiEnFrOxCa7Jy5BFHlXnUU2pbicEuybxQ=
github.com/Songmu/timeout v0.4.0 h1:7qUlKeO2neby/Htk9bYYd9w6VSj5MDkE6jnwGZV5zmU=
github.com/Songmu/timeout v0.4.0/go.mod h1:lS4MuG+s4DJ+RvC+lmvhPTRjIRbZfqdP7K4NURzZVcg=
github.com/Songmu/wrapcommander v0.1.0 h1:y8/yk9/PHT983weH+ehZIOJ7JtwAlI1AkfUpUNCj1SY=
github.com/Songmu/wrapcommander v0.1.0/go.mod h1:EC2y4OnN8PkdMnaCwcSzItewq+f0yqUvS30kcS4vmn0=
github.com/aws/aws-sdk-go-v2 v1.17.3 h1:shN7NlnVzvDUgPQ+1rLMSxY8OWRNDRYtiqe0p/PgrhY=
github.com/aws/aws-sdk-go-v2 v1.17.3/go.mod h1:uzbQtefpm44goOPmdKyAlXSNcwlRgF3ePWVW6EtJvvw=
github.com/aws/aws-sdk-go-v2/aws/protocol/eventstream v1.4.10 h1:dK82zF6kkPeCo8J1e+tGx4JdvDIQzj7ygIoLg8WMuGs=
github.com/aws/aws-sdk-go-v2/aws/protocol/eventstream v1.4.10/go.mod h1:VeTZetY5KRJLuD/7fkQXMU6Mw7H5m/KP2J5Iy9osMno=
github.com/aws/aws-sdk-go-v2/config v1.18.5 h1:teGdDCAT3gX99FIKNt6HsvLaeOVdCFiCQDlH8UV6Xvg=
github.com/aws/aws-sdk-go-v2/config v1.18.5/go.mod h1:0g4tGVHeUTxekZIkO5Glw2AemETlmnkQvFqkdv3HBAA=
github.com/aws/aws-sdk-go-v2/credentials v1.13.5 h1:vrPwnKCdQlUyxXDZtPpb6Hc3GbTndqaGtEOwm/lF5tI=
github.com/aws/aws-sdk-go-v2/credentials v1.13.5/go.mod h1:sS/NgdbdkQ6XhVkGY/yEmNwxzpRVxLT3Ns+42W37p6g=
github.com/aws/aws-sdk-go-v2/feature/ec2/imds v1.12.21 h1:j9wi1kQ8b+e0FBVHxCqCGo4kxDU175hoDHcWAi0sauU=
github.com/aws/aws-sdk-go-v2/feature/ec2/imds v1.12.21/go.mod h1:ugwW57Z5Z48bpvUyZuaPy4Kv+vEfJWnIrky7RmkBvJg=
github.com/aws/aws-sdk-go-v2/internal/configsources v1.1.27 h1:I3cakv2Uy1vNmmhRQmFptYDxOvBnwCdNwyw63N0RaRU=
github.com/aws/aws-sdk-go-v2/internal/configsources v1.1.27/go.mod h1:a1/UpzeyBBerajpnP5nGZa9mGzsBn5cOKxm6NWQsvoI=
github.com/aws/aws-sdk-go-v2/internal/endpoints/v2 v2.4.21 h1:5NbbMrIzmUn/TXFqAle6mgrH5m9cOvMLRGL7pnG8tRE=
github.com/aws/aws-sdk-go-v2/internal/endpoints/v2 v2.4.21/go.mod h1:+Gxn8jYn5k9ebfHEqlhrMirFjSW0v0C9fI+KN5vk2kE=
github.com/aws/aws-sdk-go-v2/internal/ini v1.3.28 h1:KeTxcGdNnQudb46oOl4d90f2I33DF/c6q3RnZAmvQdQ=
github.com/aws/aws-sdk-go-v2/internal/ini v1.3.28/go.mod h1:yRZVr/iT0AqyHeep00SZ4YfBAKojXz08w3XMBscdi0c=
github.com/aws/aws-sdk-go-v2/internal/v4a v1.0.18 h1:H/mF2LNWwX00lD6FlYfKpLLZgUW7oIzCBkig78x4Xok=
github.com/aws/aws-sdk-go-v2/internal/v4a v1.0.18/go.mod h1:T2Ku+STrYQ1zIkL1wMvj8P3wWQaaCMKNdz70MT2FLfE=
github.com/aws/aws-sdk-go-v2/service/cloudwatch v1.23.1 h1:6VwY6q6RZwxZTTTXjDmS8qbeBKvWwp8ugMKCEBjdgWA=
github.com/aws/aws-sdk-go-v2/service/cloudwatch v1.23.1/go.mod h1:th8fks2kW4FFCUKUQenuEG9TEzMLVxeL0ckdJn/QVbI=
github.com/aws/aws-sdk-go-v2/service/internal/accept-encoding v1.9.11 h1:y2+VQzC6Zh2ojtV2LoC0MNwHWc6qXv/j2vrQtlftkdA=
github.com/aws/aws-sdk-go-v2/service/internal/accept-encoding v1.9.11/go.mod h1:iV4q2hsqtNECrfmlXyord9u4zyuFEJX9eLgLpSPzWA8=
github.com/aws/aws-sdk-go-v2/service/internal/checksum v1.1.22 h1:kv5vRAl00tozRxSnI0IszPWGXsJOyA7hmEUHFYqsyvw=
github.com/aws/aws-sdk-go-v2/service/internal/checksum v1.1.22/go.mod h1:Od+GU5+Yx41gryN/ZGZzAJMZ9R1yn6lgA0fD5Lo5SkQ=
github.com/aws/aws-sdk-go-v2/service/internal/presigned-url v1.9.21 h1:5C6XgTViSb0bunmU57b3CT+MhxULqHH2721FVA+/kDM=
github.com/aws/aws-sdk-go-v2/service/internal/presigned-url v1.9.21/go.mod h1:lRToEJsn+DRA9lW4O9L9+/3hjTkUzlzyzHqn8MTds5k=
github.com/aws/aws-sdk-go-v2/service/internal/s3shared v1.13.21 h1:vY5siRXvW5TrOKm2qKEf9tliBfdLxdfy0i02LOcmqUo=
github.com/aws/aws-sdk-go-v2/service/internal/s3shared v1.13.21/go.mod h1:WZvNXT1XuH8dnJM0HvOlvk+RNn7NbAPvA/ACO0QarSc=
github.com/aws/aws-sdk-go-v2/service/s3 v1.29.6 h1:W8pLcSn6Uy0eXgDBUUl8M8Kxv7JCoP68ZKTD04OXLEA=
github.com/aws/aws-sdk-go-v2/service/s3 v1.29.6/go.mod h1:L2l2/q76teehcW7YEsgsDjqdsDTERJeX3nOMIFlgGUE=
github.com/aws/aws-sdk-go-v2/service/sso v1.11.27 h1:Nmvn0DJKg00TBmoBweK253Kdsuy4V5Rs68yL/H15uBQ=
github.com/aws/aws-sdk-go-v2/service/sso v1.11.27/go.mod h1:wo/B7uUm/7zw/dWhBJ4FXuw1sySU5lyIhVg1Bu2yL9A=
github.com/aws/aws-sdk-go-v2/service/ssooidc v1.13.10 h1:tGOUUjINuqI8sD6pn+Ku0/f/4UfRDlK+jJUOaxEbWuQ=
github.com/aws/aws-sdk-go-v2/service/ssooidc v1.13.10/go.mod h1:TZSH7xLO7+phDtViY/KUp9WGCJMQkLJ/VpgkTFd5gh8=
github.com/aws/aws-sdk-go-v2/service/sts v1.17.7 h1:9Mtq1KM6nD8/+HStvWcvYnixJ5N85DX+P+OY3kI3W2k=
github.com/aws/aws-sdk-go-v2/service/sts v1.17.7/go.mod h1:+lGbb3+1ugwKrNTWcf2RT05Xmp543B06zDFTwiTLp7I=
github.com/aws/smithy-go v1.13.5 h1:hgz0X/DX0dGqTYpGALqXJoRKRj5oQ7150i5FdTePzO8=
github.com/aws/smithy-go v1.13.5/go.mod h1:Tg+OJXh4MB2R/uN61Ko2f6hTZwB/ZYGOtib8J3gBHzA=
github.com/davecgh/go-spew v1.1.0 h1:ZDRjVQ15GmhC3fiQ8ni8+OwkZQO4DARzQgrnXU1Liz8=
github.com/davecgh/go-spew v1.1.0/go.mod h1:J7Y8YcW2NihsgmVo/mv3lAwl/skON4iLHjSsI+c5H38=
github.com/google/go-cmp v0.5.1/go.mod h1:v8dTdLbMG2kIc/vJvl+f65V22dbkXbowE6jgT/gNBxE=
github.com/google/go-cmp v0.5.8 h1:e6P7q2lk1O+qJJb4BtCQXlK8vWEO8V1ZeuEdJNOqZyg=
github.com/google/go-cmp v0.5.8/go.mod h1:17dUlkBOakJ0+DkrSSNjCkIjxS6bF9zb3elmeNGIjoY=
github.com/jmespath/go-jmespath v0.4.0 h1:BEgLn5cpjn8UN1mAw4NjwDrS35OdebyEtFe+9YPoQUg=
github.com/jmespath/go-jmespath v0.4.0/go.mod h1:T8mJZnbsbmF+m6zOOFylbeCJqk5+pHWvzYPziyZiYoo=
github.com/jmespath/go-jmespath/internal/testify v1.5.1 h1:shLQSRRSCCPj3f2gpwzGwWFoC7ycTf1rcQZHOlsJ6N8=
github.com/jmespath/go-jmespath/internal/testify v1.5.1/go.mod h1:L3OGu8Wl2/fWfCI6z80xFu9LTZmf1ZRjMHUOPmWr69U=
github.com/kayac/go-config v0.6.0 h1:Y4l9tsWrUCvT1id8tbO4aT4SdGxbYqd8lqSe5l1GrK0=
github.com/kayac/go-config v0.6.0/go.mod h1:5C4ZN+sMjYpEX0bi+AcgF6g0hZYVdzZiV16TEyzAzfk=
github.com/kr/pretty v0.1.0 h1:L/CwN0zerZDmRFUapSPitk6f+Q3+0za1rQkzVuMiMFI=
github.com/kr/pretty v0.1.0/go.mod h1:dAy3ld7l9f0ibDNOQOHHMYYIIbhfbHSm3C4ZsoJORNo=
github.com/kr/pty v1.1.1/go.mod h1:pFQYn66WHrOpPYNljwOMqo10TkYh1fy3cYio2l3bCsQ=
github.com/kr/text v0.1.0 h1:45sCR5RtlFHMR4UwH9sdQ5TC8v0qDQCHnXt+kaKSTVE=
github.com/kr/text v0.1.0/go.mod h1:4Jbv+DJW3UT/LiOwJeYQe1efqtUx/iVham/4vfdArNI=
github.com/kylelemons/godebug v1.1.0 h1:RPNrshWIDI6G2gRW9EHilWtl7Z6Sb1BR0xunSBf0SNc=
github.com/mackerelio/mackerel-client-go v0.23.0 h1:C6ENbhfAZWofpr2Vc/cRTNdCkQonQ/nRlA08K+9+m/M=
github.com/mackerelio/mackerel-client-go v0.23.0/go.mod h1:VM9KAjzs7wkROQ9WdZRvkY8K/bIUllN82dxyK36ZU3s=
github.com/mattn/go-shellwords v1.0.12 h1:M2zGm7EW6UQJvDeQxo4T51eKPurbeFbe8WtebGE2xrk=
github.com/mattn/go-shellwords v1.0.12/go.mod h1:EZzvwXDESEeg03EKmM+RmDnNOPKG4lLtQsUlTZDWQ8Y=
github.com/pkg/errors v0.9.1 h1:FEBLx1zS214owpjy7qsBeixbURkuhQAwrK5UwLGTwt4=
github.com/pkg/errors v0.9.1/go.mod h1:bwawxfHBFNV+L2hUp1rHADufV3IMtnDRdf1r5NINEl0=
github.com/pmezard/go-difflib v1.0.0 h1:4DBwDE0NGyQoBHbLQYPwSUPoCMWR5BEzIk/f1lZbAQM=
github.com/pmezard/go-difflib v1.0.0/go.mod h1:iKH77koFhYxTK1pcRnkKkqfTogsbg7gZNVY4sRDYZ/4=
github.com/stretchr/objx v0.1.0/go.mod h1:HFkY916IF+rwdDfMAkV7OtwuqBVzrE8GR6GFx+wExME=
golang.org/x/crypto v0.0.0-20190308221718-c2843e01d9a2/go.mod h1:djNgcEr1/C05ACkg1iLfiJU5Ep61QUkGW8qpdssI0+w=
golang.org/x/crypto v0.0.0-20191011191535-87dc89f01550/go.mod h1:yigFU9vqHzYiE8UmvKecakEJjdnWj3jj499lnFckfCI=
golang.org/x/lint v0.0.0-20210508222113-6edffad5e616 h1:VLliZ0d+/avPrXXH+OakdXhpJuEoBZuwh1m2j7U6Iug=
golang.org/x/lint v0.0.0-20210508222113-6edffad5e616/go.mod h1:3xt1FjdF8hUf6vQPIChWIBhFzV8gjjsPE/fR3IyQdNY=
golang.org/x/mod v0.1.1-0.20191105210325-c90efee705ee/go.mod h1:QqPTAvyqsEbceGzBzNggFXnrqF1CaUcvgkdR5Ot7KZg=
golang.org/x/mod v0.7.0 h1:LapD9S96VoQRhi/GrNTqeBJFrUjs5UHCAtTlgwA5oZA=
golang.org/x/net v0.0.0-20190404232315-eb5bcb51f2a3/go.mod h1:t9HGtf8HONx5eT2rtn7q6eTqICYqUVnKs3thJo3Qplg=
golang.org/x/net v0.0.0-20190620200207-3b0461eec859/go.mod h1:z5CRVTTTmAJ677TzLLGU+0bjPO0LkuOLi4/5GtJWs/s=
golang.org/x/sync v0.0.0-20190423024810-112230192c58/go.mod h1:RxMgew5VJxzue5/jJTE5uejpjVlOe/izrB70Jof72aM=
golang.org/x/sync v0.1.0 h1:wsuoTGHzEhffawBOhz5CYhcrV4IdKZbEyZjBMuTp12o=
golang.org/x/sys v0.0.0-20190215142949-d0b11bdaac8a/go.mod h1:STP8DvDyc/dI5b8T5hshtkjS+E42TnysNCUPdjciGhY=
golang.org/x/sys v0.0.0-20190412213103-97732733099d/go.mod h1:h1NjWce9XRLGQEsW7wpKNCjG9DtNlClVuFLEZdDNbEs=
golang.org/x/sys v0.3.0 h1:w8ZOecv6NaNa/zC8944JTU3vz4u6Lagfk4RPQxv92NQ=
golang.org/x/sys v0.3.0/go.mod h1:oPkhp1MJrh7nUepCBck5+mAzfO9JrbApNNgaTdGDITg=
golang.org/x/text v0.3.0/go.mod h1:NqM8EUOU14njkJ3fqMW+pc6Ldnwhi/IjpwHt7yyuwOQ=
golang.org/x/tools v0.0.0-20200130002326-2f3ba24bd6e7/go.mod h1:TB2adYChydJhpapKDTa4BR/hXlZSLoq2Wpct/0txZ28=
golang.org/x/tools v0.4.0 h1:7mTAgkunk3fr4GAloyyCasadO6h9zSsQZbwvcaIciV4=
golang.org/x/tools v0.4.0/go.mod h1:UE5sM2OK9E/d67R0ANs2xJizIymRP5gJU295PvKXxjQ=
golang.org/x/xerrors v0.0.0-20191011141410-1b5146add898/go.mod h1:I/5z698sn9Ka8TeJc9MKroUUfqBBauWjQqLJ2OPfmY0=
golang.org/x/xerrors v0.0.0-20191204190536-9bdfabe68543/go.mod h1:I/5z698sn9Ka8TeJc9MKroUUfqBBauWjQqLJ2OPfmY0=
gopkg.in/check.v1 v0.0.0-20161208181325-20d25e280405/go.mod h1:Co6ibVJAznAaIkqp8huTwlJQCZ016jof/cbN4VW5Yz0=
gopkg.in/check.v1 v1.0.0-20190902080502-41f04d3bba15 h1:YR8cESwS4TdDjEe65xsg0ogRM/Nc3DYOhEAlW+xobZo=
gopkg.in/check.v1 v1.0.0-20190902080502-41f04d3bba15/go.mod h1:Co6ibVJAznAaIkqp8huTwlJQCZ016jof/cbN4VW5Yz0=
gopkg.in/yaml.v2 v2.2.8/go.mod h1:hI93XBmqTisBFMUTm0b8Fm+jr3Dg1NNxqwp+5A1VGuI=
gopkg.in/yaml.v2 v2.3.0/go.mod h1:hI93XBmqTisBFMUTm0b8Fm+jr3Dg1NNxqwp+5A1VGuI=
gopkg.in/yaml.v2 v2.4.0 h1:D8xgwECY7CYvx+Y2n4sBz93Jn9JRvxdiyyo8CTfuKaY=
gopkg.in/yaml.v2 v2.4.0/go.mod h1:RDklbk79AGWmwhnvt/jBztapEOGDOx6ZbXqjP6csGnQ=
